
Microsoft Visual Studio Solution File, Format Version 12.00
# Visual Studio Version 17
VisualStudioVersion = 17.5.33516.290
MinimumVisualStudioVersion = 10.0.40219.1
Project("{FAE04EC0-301F-11D3-BF4B-00C04F79EFBC}") = "Projekt gráfok 30 zsákfalvak", "Projekt gráfok 30 zsákfalvak\Projekt gráfok 30 zsákfalvak.csproj", "{31DB3522-C4DA-498C-8E76-55F3CD006E1E}"
EndProject
Global
	GlobalSection(SolutionConfigurationPlatforms) = preSolution
		Debug|Any CPU = Debug|Any CPU
		Release|Any CPU = Release|Any CPU
	EndGlobalSection
	GlobalSection(ProjectConfigurationPlatforms) = postSolution
		{31DB3522-C4DA-498C-8E76-55F3CD006E1E}.Debug|Any CPU.ActiveCfg = Debug|Any CPU
		{31DB3522-C4DA-498C-8E76-55F3CD006E1E}.Debug|Any CPU.Build.0 = Debug|Any CPU
		{31DB3522-C4DA-498C-8E76-55F3CD006E1E}.Release|Any CPU.ActiveCfg = Release|Any CPU
		{31DB3522-C4DA-498C-8E76-55F3CD006E1E}.Release|Any CPU.Build.0 = Release|Any CPU
	EndGlobalSection
	GlobalSection(SolutionProperties) = preSolution
		HideSolutionNode = FALSE
	EndGlobalSection
	GlobalSection(ExtensibilityGlobals) = postSolution
		SolutionGuid = {83B50872-A37C-4EFE-9997-C40A91417D30}
	EndGlobalSection
EndGlobal
